
Microsoft Visual Studio Solution File, Format Version 12.00
# Visual Studio Version 16
VisualStudioVersion = 16.0.30717.126
MinimumVisualStudioVersion = 10.0.40219.1
Project("{FAE04EC0-301F-11D3-BF4B-00C04F79EFBC}") = "INIUpdater", "INIUpdater\INIUpdater.csproj", "{8DEED7C7-FFB7-4210-B10A-4919A3CF43AA}"
EndProject
Global
	GlobalSection(SolutionConfigurationPlatforms) = preSolution
		Debug|Any CPU = Debug|Any CPU
		Release|Any CPU = Release|Any CPU
	EndGlobalSection
	GlobalSection(ProjectConfigurationPlatforms) = postSolution
		{8DEED7C7-FFB7-4210-B10A-4919A3CF43AA}.Debug|Any CPU.ActiveCfg = Debug|Any CPU
		{8DEED7C7-FFB7-4210-B10A-4919A3CF43AA}.Debug|Any CPU.Build.0 = Debug|Any CPU
		{8DEED7C7-FFB7-4210-B10A-4919A3CF43AA}.Release|Any CPU.ActiveCfg = Release|Any CPU
		{8DEED7C7-FFB7-4210-B10A-4919A3CF43AA}.Release|Any CPU.Build.0 = Release|Any CPU
	EndGlobalSection
	GlobalSection(SolutionProperties) = preSolution
		HideSolutionNode = FALSE
	EndGlobalSection
	GlobalSection(ExtensibilityGlobals) = postSolution
		SolutionGuid = {275BB193-E070-4C61-A222-BB9BA9E668A5}
	EndGlobalSection
EndGlobal
